<Solution>
  <Folder Name="/src/" />
  <Folder Name="/src/Services/" />
  <Folder Name="/src/Services/Identity/">
    <Project Path="src/Services/Identity/PayFlow.Identity.Api/PayFlow.Identity.Api.csproj" />
  </Folder>
  <Folder Name="/src/Shared/">
    <Project Path="src/Shared/PayFlow.Shared.Contracts/PayFlow.Shared.Contracts.csproj" />
  </Folder>
</Solution>
